{
  "name": "test-ts-method-cache",
  "version": "0.1.2",
  "lockfileVersion": 1,
  "dependencies": {
    "@types/node": {
      "version": "7.0.42",
      "resolved": "https://registry.npmjs.org/@types/node/-/node-7.0.42.tgz",
      "integrity": "sha512-cF/2SHIITu6Xen1DqBobqsx63Bdui37ZnID90G/vkuF1T7orBijcgyYcgkRpChCRwoRaf4LV/jXjrfVtFL/Y8Q==",
      "dev": true
    },
    "rxjs": {
      "version": "5.4.3",
      "resolved": "https://registry.npmjs.org/rxjs/-/rxjs-5.4.3.tgz",
      "integrity": "sha512-fSNi+y+P9ss+EZuV0GcIIqPUK07DEaMRUtLJvdcvMyFjc9dizuDjere+A4V7JrLGnm9iCc+nagV/4QdMTkqC4A=="
    },
    "symbol-observable": {
      "version": "1.0.4",
      "resolved": "https://registry.npmjs.org/symbol-observable/-/symbol-observable-1.0.4.tgz",
      "integrity": "sha1-Kb9hXUqnEhvdiYsi1LP5vE4qoD0="
    },
    "typescript": {
      "version": "2.4.2",
      "resolved": "https://registry.npmjs.org/typescript/-/typescript-2.4.2.tgz",
      "integrity": "sha1-+DlfhdRZJ2BnyYiqQYN6j4KHCEQ=",
      "dev": true
    }
  }
}
